
Microsoft Visual Studio Solution File, Format Version 12.00
# Visual Studio Version 17
VisualStudioVersion = 17.0.31903.59
MinimumVisualStudioVersion = 10.0.40219.1
Project("{2150E333-8FDC-42A3-9474-1A3956D46DE8}") = "src", "src", "{827E0CD3-B72D-47B6-A68D-7590B98EB39B}"
EndProject
Project("{FAE04EC0-301F-11D3-BF4B-00C04F79EFBC}") = "Beagl.Infrastructure", "src\Beagl.Infrastructure\Beagl.Infrastructure.csproj", "{D5E98A9E-395C-4F48-AB30-53C0CA914EDC}"
EndProject
Project("{FAE04EC0-301F-11D3-BF4B-00C04F79EFBC}") = "Beagl.Domain", "src\Beagl.Domain\Beagl.Domain.csproj", "{68433784-7089-45AA-9FF1-09E24F615C13}"
EndProject
Project("{2150E333-8FDC-42A3-9474-1A3956D46DE8}") = "tests", "tests", "{0AB3BF05-4346-4AA6-1389-037BE0695223}"
EndProject
Project("{FAE04EC0-301F-11D3-BF4B-00C04F79EFBC}") = "Beagl.WebApp.Tests", "tests\Beagl.WebApp.Tests\Beagl.WebApp.Tests.csproj", "{86B862B4-C90D-4854-AB7A-3D0FEDCB3454}"
EndProject
Project("{FAE04EC0-301F-11D3-BF4B-00C04F79EFBC}") = "Beagl.Domain.Tests", "tests\Beagl.Domain.Tests\Beagl.Domain.Tests.csproj", "{EB662369-20AC-4717-AC40-93489BCF87C8}"
EndProject
Project("{FAE04EC0-301F-11D3-BF4B-00C04F79EFBC}") = "Beagl.Infrastructure.Tests", "tests\Beagl.Infrastructure.Tests\Beagl.Infrastructure.Tests.csproj", "{7A1D5E25-2610-4AC7-9DCE-8FEC1535E2EB}"
EndProject
Project("{FAE04EC0-301F-11D3-BF4B-00C04F79EFBC}") = "Beagl.WebApp", "src\Beagl.WebApp\Beagl.WebApp.csproj", "{712A6767-FFA1-4F61-BEE7-424EADD63097}"
EndProject
Project("{2150E333-8FDC-42A3-9474-1A3956D46DE8}") = "docs", "docs", "{208BA388-4CEE-2CBF-559C-5607C099C1F8}"
	ProjectSection(SolutionItems) = preProject
		CHANGELOG.md = CHANGELOG.md
		CODE_OF_CONDUCT.md = CODE_OF_CONDUCT.md
		CONTRIBUTING.md = CONTRIBUTING.md
		LICENSE = LICENSE
		README.md = README.md
		SECURITY.md = SECURITY.md
	EndProjectSection
EndProject
Project("{2150E333-8FDC-42A3-9474-1A3956D46DE8}") = ".github", ".github", "{9C6578E7-E4FE-79BB-1635-F363CC1E80DD}"
	ProjectSection(SolutionItems) = preProject
		.github/copilot-instructions.md = copilot-instructions.md
	EndProjectSection
EndProject
Project("{2150E333-8FDC-42A3-9474-1A3956D46DE8}") = "workflows", "workflows", "{E7A3C856-6834-D657-F2F0-05592DF2DDE9}"
	ProjectSection(SolutionItems) = preProject
		.github/workflows/dotnet.yml = dotnet.yml
		.github/workflows/publish-release.yml = publish-release.yml
	EndProjectSection
EndProject
Global
	GlobalSection(SolutionConfigurationPlatforms) = preSolution
		Debug|Any CPU = Debug|Any CPU
		Debug|x64 = Debug|x64
		Debug|x86 = Debug|x86
		Release|Any CPU = Release|Any CPU
		Release|x64 = Release|x64
		Release|x86 = Release|x86
	EndGlobalSection
	GlobalSection(ProjectConfigurationPlatforms) = postSolution
		{D5E98A9E-395C-4F48-AB30-53C0CA914EDC}.Debug|Any CPU.ActiveCfg = Debug|Any CPU
		{D5E98A9E-395C-4F48-AB30-53C0CA914EDC}.Debug|Any CPU.Build.0 = Debug|Any CPU
		{D5E98A9E-395C-4F48-AB30-53C0CA914EDC}.Debug|x64.ActiveCfg = Debug|Any CPU
		{D5E98A9E-395C-4F48-AB30-53C0CA914EDC}.Debug|x64.Build.0 = Debug|Any CPU
		{D5E98A9E-395C-4F48-AB30-53C0CA914EDC}.Debug|x86.ActiveCfg = Debug|Any CPU
		{D5E98A9E-395C-4F48-AB30-53C0CA914EDC}.Debug|x86.Build.0 = Debug|Any CPU
		{D5E98A9E-395C-4F48-AB30-53C0CA914EDC}.Release|Any CPU.ActiveCfg = Release|Any CPU
		{D5E98A9E-395C-4F48-AB30-53C0CA914EDC}.Release|Any CPU.Build.0 = Release|Any CPU
		{D5E98A9E-395C-4F48-AB30-53C0CA914EDC}.Release|x64.ActiveCfg = Release|Any CPU
		{D5E98A9E-395C-4F48-AB30-53C0CA914EDC}.Release|x64.Build.0 = Release|Any CPU
		{D5E98A9E-395C-4F48-AB30-53C0CA914EDC}.Release|x86.ActiveCfg = Release|Any CPU
		{D5E98A9E-395C-4F48-AB30-53C0CA914EDC}.Release|x86.Build.0 = Release|Any CPU
		{68433784-7089-45AA-9FF1-09E24F615C13}.Debug|Any CPU.ActiveCfg = Debug|Any CPU
		{68433784-7089-45AA-9FF1-09E24F615C13}.Debug|Any CPU.Build.0 = Debug|Any CPU
		{68433784-7089-45AA-9FF1-09E24F615C13}.Debug|x64.ActiveCfg = Debug|Any CPU
		{68433784-7089-45AA-9FF1-09E24F615C13}.Debug|x64.Build.0 = Debug|Any CPU
		{68433784-7089-45AA-9FF1-09E24F615C13}.Debug|x86.ActiveCfg = Debug|Any CPU
		{68433784-7089-45AA-9FF1-09E24F615C13}.Debug|x86.Build.0 = Debug|Any CPU
		{68433784-7089-45AA-9FF1-09E24F615C13}.Release|Any CPU.ActiveCfg = Release|Any CPU
		{68433784-7089-45AA-9FF1-09E24F615C13}.Release|Any CPU.Build.0 = Release|Any CPU
		{68433784-7089-45AA-9FF1-09E24F615C13}.Release|x64.ActiveCfg = Release|Any CPU
		{68433784-7089-45AA-9FF1-09E24F615C13}.Release|x64.Build.0 = Release|Any CPU
		{68433784-7089-45AA-9FF1-09E24F615C13}.Release|x86.ActiveCfg = Release|Any CPU
		{68433784-7089-45AA-9FF1-09E24F615C13}.Release|x86.Build.0 = Release|Any CPU
		{86B862B4-C90D-4854-AB7A-3D0FEDCB3454}.Debug|Any CPU.ActiveCfg = Debug|Any CPU
		{86B862B4-C90D-4854-AB7A-3D0FEDCB3454}.Debug|Any CPU.Build.0 = Debug|Any CPU
		{86B862B4-C90D-4854-AB7A-3D0FEDCB3454}.Debug|x64.ActiveCfg = Debug|Any CPU
		{86B862B4-C90D-4854-AB7A-3D0FEDCB3454}.Debug|x64.Build.0 = Debug|Any CPU
		{86B862B4-C90D-4854-AB7A-3D0FEDCB3454}.Debug|x86.ActiveCfg = Debug|Any CPU
		{86B862B4-C90D-4854-AB7A-3D0FEDCB3454}.Debug|x86.Build.0 = Debug|Any CPU
		{86B862B4-C90D-4854-AB7A-3D0FEDCB3454}.Release|Any CPU.ActiveCfg = Release|Any CPU
		{86B862B4-C90D-4854-AB7A-3D0FEDCB3454}.Release|Any CPU.Build.0 = Release|Any CPU
		{86B862B4-C90D-4854-AB7A-3D0FEDCB3454}.Release|x64.ActiveCfg = Release|Any CPU
		{86B862B4-C90D-4854-AB7A-3D0FEDCB3454}.Release|x64.Build.0 = Release|Any CPU
		{86B862B4-C90D-4854-AB7A-3D0FEDCB3454}.Release|x86.ActiveCfg = Release|Any CPU
		{86B862B4-C90D-4854-AB7A-3D0FEDCB3454}.Release|x86.Build.0 = Release|Any CPU
		{EB662369-20AC-4717-AC40-93489BCF87C8}.Debug|Any CPU.ActiveCfg = Debug|Any CPU
		{EB662369-20AC-4717-AC40-93489BCF87C8}.Debug|Any CPU.Build.0 = Debug|Any CPU
		{EB662369-20AC-4717-AC40-93489BCF87C8}.Debug|x64.ActiveCfg = Debug|Any CPU
		{EB662369-20AC-4717-AC40-93489BCF87C8}.Debug|x64.Build.0 = Debug|Any CPU
		{EB662369-20AC-4717-AC40-93489BCF87C8}.Debug|x86.ActiveCfg = Debug|Any CPU
		{EB662369-20AC-4717-AC40-93489BCF87C8}.Debug|x86.Build.0 = Debug|Any CPU
		{EB662369-20AC-4717-AC40-93489BCF87C8}.Release|Any CPU.ActiveCfg = Release|Any CPU
		{EB662369-20AC-4717-AC40-93489BCF87C8}.Release|Any CPU.Build.0 = Release|Any CPU
		{EB662369-20AC-4717-AC40-93489BCF87C8}.Release|x64.ActiveCfg = Release|Any CPU
		{EB662369-20AC-4717-AC40-93489BCF87C8}.Release|x64.Build.0 = Release|Any CPU
		{EB662369-20AC-4717-AC40-93489BCF87C8}.Release|x86.ActiveCfg = Release|Any CPU
		{EB662369-20AC-4717-AC40-93489BCF87C8}.Release|x86.Build.0 = Release|Any CPU
		{7A1D5E25-2610-4AC7-9DCE-8FEC1535E2EB}.Debug|Any CPU.ActiveCfg = Debug|Any CPU
		{7A1D5E25-2610-4AC7-9DCE-8FEC1535E2EB}.Debug|Any CPU.Build.0 = Debug|Any CPU
		{7A1D5E25-2610-4AC7-9DCE-8FEC1535E2EB}.Debug|x64.ActiveCfg = Debug|Any CPU
		{7A1D5E25-2610-4AC7-9DCE-8FEC1535E2EB}.Debug|x64.Build.0 = Debug|Any CPU
		{7A1D5E25-2610-4AC7-9DCE-8FEC1535E2EB}.Debug|x86.ActiveCfg = Debug|Any CPU
		{7A1D5E25-2610-4AC7-9DCE-8FEC1535E2EB}.Debug|x86.Build.0 = Debug|Any CPU
		{7A1D5E25-2610-4AC7-9DCE-8FEC1535E2EB}.Release|Any CPU.ActiveCfg = Release|Any CPU
		{7A1D5E25-2610-4AC7-9DCE-8FEC1535E2EB}.Release|Any CPU.Build.0 = Release|Any CPU
		{7A1D5E25-2610-4AC7-9DCE-8FEC1535E2EB}.Release|x64.ActiveCfg = Release|Any CPU
		{7A1D5E25-2610-4AC7-9DCE-8FEC1535E2EB}.Release|x64.Build.0 = Release|Any CPU
		{7A1D5E25-2610-4AC7-9DCE-8FEC1535E2EB}.Release|x86.ActiveCfg = Release|Any CPU
		{7A1D5E25-2610-4AC7-9DCE-8FEC1535E2EB}.Release|x86.Build.0 = Release|Any CPU
		{712A6767-FFA1-4F61-BEE7-424EADD63097}.Debug|Any CPU.ActiveCfg = Debug|Any CPU
		{712A6767-FFA1-4F61-BEE7-424EADD63097}.Debug|Any CPU.Build.0 = Debug|Any CPU
		{712A6767-FFA1-4F61-BEE7-424EADD63097}.Debug|x64.ActiveCfg = Debug|Any CPU
		{712A6767-FFA1-4F61-BEE7-424EADD63097}.Debug|x64.Build.0 = Debug|Any CPU
		{712A6767-FFA1-4F61-BEE7-424EADD63097}.Debug|x86.ActiveCfg = Debug|Any CPU
		{712A6767-FFA1-4F61-BEE7-424EADD63097}.Debug|x86.Build.0 = Debug|Any CPU
		{712A6767-FFA1-4F61-BEE7-424EADD63097}.Release|Any CPU.ActiveCfg = Release|Any CPU
		{712A6767-FFA1-4F61-BEE7-424EADD63097}.Release|Any CPU.Build.0 = Release|Any CPU
		{712A6767-FFA1-4F61-BEE7-424EADD63097}.Release|x64.ActiveCfg = Release|Any CPU
		{712A6767-FFA1-4F61-BEE7-424EADD63097}.Release|x64.Build.0 = Release|Any CPU
		{712A6767-FFA1-4F61-BEE7-424EADD63097}.Release|x86.ActiveCfg = Release|Any CPU
		{712A6767-FFA1-4F61-BEE7-424EADD63097}.Release|x86.Build.0 = Release|Any CPU
	EndGlobalSection
	GlobalSection(SolutionProperties) = preSolution
		HideSolutionNode = FALSE
	EndGlobalSection
	GlobalSection(NestedProjects) = preSolution
		{D5E98A9E-395C-4F48-AB30-53C0CA914EDC} = {827E0CD3-B72D-47B6-A68D-7590B98EB39B}
		{68433784-7089-45AA-9FF1-09E24F615C13} = {827E0CD3-B72D-47B6-A68D-7590B98EB39B}
		{86B862B4-C90D-4854-AB7A-3D0FEDCB3454} = {0AB3BF05-4346-4AA6-1389-037BE0695223}
		{EB662369-20AC-4717-AC40-93489BCF87C8} = {0AB3BF05-4346-4AA6-1389-037BE0695223}
		{7A1D5E25-2610-4AC7-9DCE-8FEC1535E2EB} = {0AB3BF05-4346-4AA6-1389-037BE0695223}
		{712A6767-FFA1-4F61-BEE7-424EADD63097} = {827E0CD3-B72D-47B6-A68D-7590B98EB39B}
		{E7A3C856-6834-D657-F2F0-05592DF2DDE9} = {9C6578E7-E4FE-79BB-1635-F363CC1E80DD}
	EndGlobalSection
EndGlobal
